
Microsoft Visual Studio Solution File, Format Version 11.00
# Visual Studio 2010
Project("{8BC9CEB8-8B4A-11D0-8D11-00A0C91BC942}") = "Sphere", "examples\Sphere.vcxproj", "{17EEEC13-DEF5-427A-8929-793BA63BA2FA}"
EndProject
Project("{8BC9CEB8-8B4A-11D0-8D11-00A0C91BC942}") = "RVODLL", "src\RVODLL.vcxproj", "{2D480A06-AEE3-4872-B202-B74015700C1B}"
EndProject
Project("{8BC9CEB8-8B4A-11D0-8D11-00A0C91BC942}") = "RVOStatic", "src\RVOStatic.vcxproj", "{B168DE1D-8DDC-4350-B21F-30352B31994B}"
EndProject
Global
	GlobalSection(SolutionConfigurationPlatforms) = preSolution
		Debug|Win32 = Debug|Win32
		Release|Win32 = Release|Win32
	EndGlobalSection
	GlobalSection(ProjectConfigurationPlatforms) = postSolution
		{17EEEC13-DEF5-427A-8929-793BA63BA2FA}.Debug|Win32.ActiveCfg = Debug|Win32
		{17EEEC13-DEF5-427A-8929-793BA63BA2FA}.Debug|Win32.Build.0 = Debug|Win32
		{17EEEC13-DEF5-427A-8929-793BA63BA2FA}.Release|Win32.ActiveCfg = Release|Win32
		{17EEEC13-DEF5-427A-8929-793BA63BA2FA}.Release|Win32.Build.0 = Release|Win32
		{2D480A06-AEE3-4872-B202-B74015700C1B}.Debug|Win32.ActiveCfg = Debug|Win32
		{2D480A06-AEE3-4872-B202-B74015700C1B}.Debug|Win32.Build.0 = Debug|Win32
		{2D480A06-AEE3-4872-B202-B74015700C1B}.Release|Win32.ActiveCfg = Release|Win32
		{2D480A06-AEE3-4872-B202-B74015700C1B}.Release|Win32.Build.0 = Release|Win32
		{B168DE1D-8DDC-4350-B21F-30352B31994B}.Debug|Win32.ActiveCfg = Debug|Win32
		{B168DE1D-8DDC-4350-B21F-30352B31994B}.Debug|Win32.Build.0 = Debug|Win32
		{B168DE1D-8DDC-4350-B21F-30352B31994B}.Release|Win32.ActiveCfg = Release|Win32
		{B168DE1D-8DDC-4350-B21F-30352B31994B}.Release|Win32.Build.0 = Release|Win32
	EndGlobalSection
	GlobalSection(SolutionProperties) = preSolution
		HideSolutionNode = FALSE
	EndGlobalSection
EndGlobal
